
Microsoft Visual Studio Solution File, Format Version 12.00
# Visual Studio Version 16
VisualStudioVersion = 16.0.29123.88
MinimumVisualStudioVersion = 10.0.40219.1
Project("{FAE04EC0-301F-11D3-BF4B-00C04F79EFBC}") = "Stacks", "Stacks\Stacks.csproj", "{D7DAAC70-CBBA-4A98-BD6A-47CABCD4B545}"
EndProject
Global
	GlobalSection(SolutionConfigurationPlatforms) = preSolution
		Debug|Any CPU = Debug|Any CPU
		Release|Any CPU = Release|Any CPU
	EndGlobalSection
	GlobalSection(ProjectConfigurationPlatforms) = postSolution
		{D7DAAC70-CBBA-4A98-BD6A-47CABCD4B545}.Debug|Any CPU.ActiveCfg = Debug|Any CPU
		{D7DAAC70-CBBA-4A98-BD6A-47CABCD4B545}.Debug|Any CPU.Build.0 = Debug|Any CPU
		{D7DAAC70-CBBA-4A98-BD6A-47CABCD4B545}.Release|Any CPU.ActiveCfg = Release|Any CPU
		{D7DAAC70-CBBA-4A98-BD6A-47CABCD4B545}.Release|Any CPU.Build.0 = Release|Any CPU
	EndGlobalSection
	GlobalSection(SolutionProperties) = preSolution
		HideSolutionNode = FALSE
	EndGlobalSection
	GlobalSection(ExtensibilityGlobals) = postSolution
		SolutionGuid = {D3E3AC1B-F459-4CCB-8C9E-1246C33707E0}
	EndGlobalSection
EndGlobal
